// !$*UTF8*$!
{
	archiveVersion = 1;
	classes = {
	};
	objectVersion = 56;
	objects = {

/* Begin PBXBuildFile section */
		006B51EA68AB7B5728D60E8D /* Pods_Simplenote.framework in Frameworks */ = {isa = PBXBuildFile; fileRef = 6F6FB3E5DC2B167EF28C7CD8 /* Pods_Simplenote.framework */; };
		D75B67B729587C5D003A4E30 /* NoteTableViewCell.xib in Resources */ = {isa = PBXBuildFile; fileRef = D75B67B629587C5C003A4E30 /* NoteTableViewCell.xib */; };
		D75B67B9295892D8003A4E30 /* EditingVC.swift in Sources */ = {isa = PBXBuildFile; fileRef = D75B67B8295892D8003A4E30 /* EditingVC.swift */; };
		D7CE8A3A29587B5F00E9BA74 /* RealmManager.swift in Sources */ = {isa = PBXBuildFile; fileRef = D7CE8A3929587B5F00E9BA74 /* RealmManager.swift */; };
		D7CE8A3C29587B7B00E9BA74 /* UIView+Extension.swift in Sources */ = {isa = PBXBuildFile; fileRef = D7CE8A3B29587B7B00E9BA74 /* UIView+Extension.swift */; };
		D7CE8A3F29587B9100E9BA74 /* UIColor+Extension.swift in Sources */ = {isa = PBXBuildFile; fileRef = D7CE8A3E29587B9100E9BA74 /* UIColor+Extension.swift */; };
		D7CE8A4129587BA200E9BA74 /* UIButton+Extension.swift in Sources */ = {isa = PBXBuildFile; fileRef = D7CE8A4029587BA200E9BA74 /* UIButton+Extension.swift */; };
		D7CE8A4429587BC000E9BA74 /* Note.swift in Sources */ = {isa = PBXBuildFile; fileRef = D7CE8A4329587BC000E9BA74 /* Note.swift */; };
		D7CE8A4729587BE500E9BA74 /* NoteTableViewCell.swift in Sources */ = {isa = PBXBuildFile; fileRef = D7CE8A4629587BE500E9BA74 /* NoteTableViewCell.swift */; };
		D7D528622958E10F00A8FCBF /* Localizable.strings in Resources */ = {isa = PBXBuildFile; fileRef = D7D528642958E10F00A8FCBF /* Localizable.strings */; };
		D7D528672958E8FB00A8FCBF /* String+Extension.swift in Sources */ = {isa = PBXBuildFile; fileRef = D7D528662958E8FB00A8FCBF /* String+Extension.swift */; };
		D7DD3E59295874CB000900FA /* AppDelegate.swift in Sources */ = {isa = PBXBuildFile; fileRef = D7DD3E58295874CB000900FA /* AppDelegate.swift */; };
		D7DD3E5B295874CB000900FA /* SceneDelegate.swift in Sources */ = {isa = PBXBuildFile; fileRef = D7DD3E5A295874CB000900FA /* SceneDelegate.swift */; };
		D7DD3E60295874CB000900FA /* Main.storyboard in Resources */ = {isa = PBXBuildFile; fileRef = D7DD3E5E295874CB000900FA /* Main.storyboard */; };
		D7DD3E62295874CD000900FA /* Assets.xcassets in Resources */ = {isa = PBXBuildFile; fileRef = D7DD3E61295874CD000900FA /* Assets.xcassets */; };
		D7DD3E65295874CD000900FA /* LaunchScreen.storyboard in Resources */ = {isa = PBXBuildFile; fileRef = D7DD3E63295874CD000900FA /* LaunchScreen.storyboard */; };
		D7DD3E72295879E4000900FA /* OverviewListVC.swift in Sources */ = {isa = PBXBuildFile; fileRef = D7DD3E71295879E4000900FA /* OverviewListVC.swift */; };
/* End PBXBuildFile section */

/* Begin PBXFileReference section */
		355015C3CCEA5457C9C0D101 /* Pods-Simplenote.release.xcconfig */ = {isa = PBXFileReference; includeInIndex = 1; lastKnownFileType = text.xcconfig; name = "Pods-Simplenote.release.xcconfig"; path = "Target Support Files/Pods-Simplenote/Pods-Simplenote.release.xcconfig"; sourceTree = "<group>"; };
		6F6FB3E5DC2B167EF28C7CD8 /* Pods_Simplenote.framework */ = {isa = PBXFileReference; explicitFileType = wrapper.framework; includeInIndex = 0; path = Pods_Simplenote.framework; sourceTree = BUILT_PRODUCTS_DIR; };
		987310FB78E91DF38B432DA3 /* Pods-Simplenote.debug.xcconfig */ = {isa = PBXFileReference; includeInIndex = 1; lastKnownFileType = text.xcconfig; name = "Pods-Simplenote.debug.xcconfig"; path = "Target Support Files/Pods-Simplenote/Pods-Simplenote.debug.xcconfig"; sourceTree = "<group>"; };
		D75B67B629587C5C003A4E30 /* NoteTableViewCell.xib */ = {isa = PBXFileReference; fileEncoding = 4; lastKnownFileType = file.xib; path = NoteTableViewCell.xib; sourceTree = "<group>"; };
		D75B67B8295892D8003A4E30 /* EditingVC.swift */ = {isa = PBXFileReference; lastKnownFileType = sourcecode.swift; path = EditingVC.swift; sourceTree = "<group>"; };
		D7CE8A3929587B5F00E9BA74 /* RealmManager.swift */ = {isa = PBXFileReference; lastKnownFileType = sourcecode.swift; path = RealmManager.swift; sourceTree = "<group>"; };
		D7CE8A3B29587B7B00E9BA74 /* UIView+Extension.swift */ = {isa = PBXFileReference; lastKnownFileType = sourcecode.swift; path = "UIView+Extension.swift"; sourceTree = "<group>"; };
		D7CE8A3E29587B9100E9BA74 /* UIColor+Extension.swift */ = {isa = PBXFileReference; lastKnownFileType = sourcecode.swift; path = "UIColor+Extension.swift"; sourceTree = "<group>"; };
		D7CE8A4029587BA200E9BA74 /* UIButton+Extension.swift */ = {isa = PBXFileReference; lastKnownFileType = sourcecode.swift; path = "UIButton+Extension.swift"; sourceTree = "<group>"; };
		D7CE8A4329587BC000E9BA74 /* Note.swift */ = {isa = PBXFileReference; lastKnownFileType = sourcecode.swift; path = Note.swift; sourceTree = "<group>"; };
		D7CE8A4629587BE500E9BA74 /* NoteTableViewCell.swift */ = {isa = PBXFileReference; lastKnownFileType = sourcecode.swift; path = NoteTableViewCell.swift; sourceTree = "<group>"; };
		D7D528632958E10F00A8FCBF /* en */ = {isa = PBXFileReference; lastKnownFileType = text.plist.strings; name = en; path = en.lproj/Localizable.strings; sourceTree = "<group>"; };
		D7D528652958E12A00A8FCBF /* ru */ = {isa = PBXFileReference; lastKnownFileType = text.plist.strings; name = ru; path = ru.lproj/Localizable.strings; sourceTree = "<group>"; };
		D7D528662958E8FB00A8FCBF /* String+Extension.swift */ = {isa = PBXFileReference; lastKnownFileType = sourcecode.swift; path = "String+Extension.swift"; sourceTree = "<group>"; };
		D7DD3E55295874CB000900FA /* Simplenote.app */ = {isa = PBXFileReference; explicitFileType = wrapper.application; includeInIndex = 0; path = Simplenote.app; sourceTree = BUILT_PRODUCTS_DIR; };
		D7DD3E58295874CB000900FA /* AppDelegate.swift */ = {isa = PBXFileReference; lastKnownFileType = sourcecode.swift; path = AppDelegate.swift; sourceTree = "<group>"; };
		D7DD3E5A295874CB000900FA /* SceneDelegate.swift */ = {isa = PBXFileReference; lastKnownFileType = sourcecode.swift; path = SceneDelegate.swift; sourceTree = "<group>"; };
		D7DD3E5F295874CB000900FA /* Base */ = {isa = PBXFileReference; lastKnownFileType = file.storyboard; name = Base; path = Base.lproj/Main.storyboard; sourceTree = "<group>"; };
		D7DD3E61295874CD000900FA /* Assets.xcassets */ = {isa = PBXFileReference; lastKnownFileType = folder.assetcatalog; path = Assets.xcassets; sourceTree = "<group>"; };
		D7DD3E64295874CD000900FA /* Base */ = {isa = PBXFileReference; lastKnownFileType = file.storyboard; name = Base; path = Base.lproj/LaunchScreen.storyboard; sourceTree = "<group>"; };
		D7DD3E66295874CD000900FA /* Info.plist */ = {isa = PBXFileReference; lastKnownFileType = text.plist.xml; path = Info.plist; sourceTree = "<group>"; };
		D7DD3E71295879E4000900FA /* OverviewListVC.swift */ = {isa = PBXFileReference; lastKnownFileType = sourcecode.swift; path = OverviewListVC.swift; sourceTree = "<group>"; };
/* End PBXFileReference section */

/* Begin PBXFrameworksBuildPhase section */
		D7DD3E52295874CB000900FA /* Frameworks */ = {
			isa = PBXFrameworksBuildPhase;
			buildActionMask = 2147483647;
			files = (
				006B51EA68AB7B5728D60E8D /* Pods_Simplenote.framework in Frameworks */,
			);
			runOnlyForDeploymentPostprocessing = 0;
		};
/* End PBXFrameworksBuildPhase section */

/* Begin PBXGroup section */
		2AA4A42BD98B331E72DCF502 /* Frameworks */ = {
			isa = PBXGroup;
			children = (
				6F6FB3E5DC2B167EF28C7CD8 /* Pods_Simplenote.framework */,
			);
			name = Frameworks;
			sourceTree = "<group>";
		};
		55D6ED13BACAF4EDCF2C13C5 /* Pods */ = {
			isa = PBXGroup;
			children = (
				987310FB78E91DF38B432DA3 /* Pods-Simplenote.debug.xcconfig */,
				355015C3CCEA5457C9C0D101 /* Pods-Simplenote.release.xcconfig */,
			);
			path = Pods;
			sourceTree = "<group>";
		};
		D7CE8A3729587B4500E9BA74 /* Helpers */ = {
			isa = PBXGroup;
			children = (
				D7CE8A3929587B5F00E9BA74 /* RealmManager.swift */,
				D7CE8A3829587B4E00E9BA74 /* Extension */,
			);
			path = Helpers;
			sourceTree = "<group>";
		};
		D7CE8A3829587B4E00E9BA74 /* Extension */ = {
			isa = PBXGroup;
			children = (
				D7CE8A3B29587B7B00E9BA74 /* UIView+Extension.swift */,
				D7CE8A3E29587B9100E9BA74 /* UIColor+Extension.swift */,
				D7CE8A4029587BA200E9BA74 /* UIButton+Extension.swift */,
				D7D528662958E8FB00A8FCBF /* String+Extension.swift */,
			);
			path = Extension;
			sourceTree = "<group>";
		};
		D7CE8A4229587BB100E9BA74 /* Models */ = {
			isa = PBXGroup;
			children = (
				D7CE8A4329587BC000E9BA74 /* Note.swift */,
			);
			path = Models;
			sourceTree = "<group>";
		};
		D7CE8A4529587BD600E9BA74 /* Views */ = {
			isa = PBXGroup;
			children = (
				D7CE8A4629587BE500E9BA74 /* NoteTableViewCell.swift */,
				D75B67B629587C5C003A4E30 /* NoteTableViewCell.xib */,
			);
			path = Views;
			sourceTree = "<group>";
		};
		D7DD3E4C295874CB000900FA = {
			isa = PBXGroup;
			children = (
				D7DD3E57295874CB000900FA /* Simplenote */,
				D7DD3E56295874CB000900FA /* Products */,
				55D6ED13BACAF4EDCF2C13C5 /* Pods */,
				2AA4A42BD98B331E72DCF502 /* Frameworks */,
			);
			sourceTree = "<group>";
		};
		D7DD3E56295874CB000900FA /* Products */ = {
			isa = PBXGroup;
			children = (
				D7DD3E55295874CB000900FA /* Simplenote.app */,
			);
			name = Products;
			sourceTree = "<group>";
		};
		D7DD3E57295874CB000900FA /* Simplenote */ = {
			isa = PBXGroup;
			children = (
				D7CE8A3729587B4500E9BA74 /* Helpers */,
				D7CE8A4229587BB100E9BA74 /* Models */,
				D7DD3E70295879D4000900FA /* Controllers */,
				D7CE8A4529587BD600E9BA74 /* Views */,
				D7DD3E6D29587519000900FA /* SupportingFiles */,
				D7DD3E6C2958750D000900FA /* Application */,
			);
			path = Simplenote;
			sourceTree = "<group>";
		};
		D7DD3E6C2958750D000900FA /* Application */ = {
			isa = PBXGroup;
			children = (
				D7DD3E58295874CB000900FA /* AppDelegate.swift */,
				D7DD3E5A295874CB000900FA /* SceneDelegate.swift */,
			);
			path = Application;
			sourceTree = "<group>";
		};
		D7DD3E6D29587519000900FA /* SupportingFiles */ = {
			isa = PBXGroup;
			children = (
				D7DD3E5E295874CB000900FA /* Main.storyboard */,
				D7DD3E61295874CD000900FA /* Assets.xcassets */,
				D7DD3E63295874CD000900FA /* LaunchScreen.storyboard */,
				D7DD3E66295874CD000900FA /* Info.plist */,
				D7D528642958E10F00A8FCBF /* Localizable.strings */,
			);
			path = SupportingFiles;
			sourceTree = "<group>";
		};
		D7DD3E70295879D4000900FA /* Controllers */ = {
			isa = PBXGroup;
			children = (
				D7DD3E71295879E4000900FA /* OverviewListVC.swift */,
				D75B67B8295892D8003A4E30 /* EditingVC.swift */,
			);
			path = Controllers;
			sourceTree = "<group>";
		};
/* End PBXGroup section */

/* Begin PBXNativeTarget section */
		D7DD3E54295874CB000900FA /* Simplenote */ = {
			isa = PBXNativeTarget;
			buildConfigurationList = D7DD3E69295874CD000900FA /* Build configuration list for PBXNativeTarget "Simplenote" */;
			buildPhases = (
				DD4E646CE8671A9DA8E9CCF2 /* [CP] Check Pods Manifest.lock */,
				D7DD3E51295874CB000900FA /* Sources */,
				D7DD3E52295874CB000900FA /* Frameworks */,
				D7DD3E53295874CB000900FA /* Resources */,
				9FCE31B77F8C047A937072EC /* [CP] Embed Pods Frameworks */,
			);
			buildRules = (
			);
			dependencies = (
			);
			name = Simplenote;
			productName = Simplenote;
			productReference = D7DD3E55295874CB000900FA /* Simplenote.app */;
			productType = "com.apple.product-type.application";
		};
/* End PBXNativeTarget section */

/* Begin PBXProject section */
		D7DD3E4D295874CB000900FA /* Project object */ = {
			isa = PBXProject;
			attributes = {
				BuildIndependentTargetsInParallel = 1;
				LastSwiftUpdateCheck = 1400;
				LastUpgradeCheck = 1400;
				TargetAttributes = {
					D7DD3E54295874CB000900FA = {
						CreatedOnToolsVersion = 14.0.1;
					};
				};
			};
			buildConfigurationList = D7DD3E50295874CB000900FA /* Build configuration list for PBXProject "Simplenote" */;
			compatibilityVersion = "Xcode 14.0";
			developmentRegion = en;
			hasScannedForEncodings = 0;
			knownRegions = (
				en,
				Base,
				ru,
			);
			mainGroup = D7DD3E4C295874CB000900FA;
			productRefGroup = D7DD3E56295874CB000900FA /* Products */;
			projectDirPath = "";
			projectRoot = "";
			targets = (
				D7DD3E54295874CB000900FA /* Simplenote */,
			);
		};
/* End PBXProject section */

/* Begin PBXResourcesBuildPhase section */
		D7DD3E53295874CB000900FA /* Resources */ = {
			isa = PBXResourcesBuildPhase;
			buildActionMask = 2147483647;
			files = (
				D7D528622958E10F00A8FCBF /* Localizable.strings in Resources */,
				D7DD3E65295874CD000900FA /* LaunchScreen.storyboard in Resources */,
				D7DD3E62295874CD000900FA /* Assets.xcassets in Resources */,
				D7DD3E60295874CB000900FA /* Main.storyboard in Resources */,
				D75B67B729587C5D003A4E30 /* NoteTableViewCell.xib in Resources */,
			);
			runOnlyForDeploymentPostprocessing = 0;
		};
/* End PBXResourcesBuildPhase section */

/* Begin PBXShellScriptBuildPhase section */
		9FCE31B77F8C047A937072EC /* [CP] Embed Pods Frameworks */ = {
			isa = PBXShellScriptBuildPhase;
			buildActionMask = 2147483647;
			files = (
			);
			inputFileListPaths = (
				"${PODS_ROOT}/Target Support Files/Pods-Simplenote/Pods-Simplenote-frameworks-${CONFIGURATION}-input-files.xcfilelist",
			);
			name = "[CP] Embed Pods Frameworks";
			outputFileListPaths = (
				"${PODS_ROOT}/Target Support Files/Pods-Simplenote/Pods-Simplenote-frameworks-${CONFIGURATION}-output-files.xcfilelist",
			);
			runOnlyForDeploymentPostprocessing = 0;
			shellPath = /bin/sh;
			shellScript = "\"${PODS_ROOT}/Target Support Files/Pods-Simplenote/Pods-Simplenote-frameworks.sh\"\n";
			showEnvVarsInLog = 0;
		};
		DD4E646CE8671A9DA8E9CCF2 /* [CP] Check Pods Manifest.lock */ = {
			isa = PBXShellScriptBuildPhase;
			buildActionMask = 2147483647;
			files = (
			);
			inputFileListPaths = (
			);
			inputPaths = (
				"${PODS_PODFILE_DIR_PATH}/Podfile.lock",
				"${PODS_ROOT}/Manifest.lock",
			);
			name = "[CP] Check Pods Manifest.lock";
			outputFileListPaths = (
			);
			outputPaths = (
				"$(DERIVED_FILE_DIR)/Pods-Simplenote-checkManifestLockResult.txt",
			);
			runOnlyForDeploymentPostprocessing = 0;
			shellPath = /bin/sh;
			shellScript = "diff \"${PODS_PODFILE_DIR_PATH}/Podfile.lock\" \"${PODS_ROOT}/Manifest.lock\" > /dev/null\nif [ $? != 0 ] ; then\n    # print error to STDERR\n    echo \"error: The sandbox is not in sync with the Podfile.lock. Run 'pod install' or update your CocoaPods installation.\" >&2\n    exit 1\nfi\n# This output is used by Xcode 'outputs' to avoid re-running this script phase.\necho \"SUCCESS\" > \"${SCRIPT_OUTPUT_FILE_0}\"\n";
			showEnvVarsInLog = 0;
		};
/* End PBXShellScriptBuildPhase section */

/* Begin PBXSourcesBuildPhase section */
		D7DD3E51295874CB000900FA /* Sources */ = {
			isa = PBXSourcesBuildPhase;
			buildActionMask = 2147483647;
			files = (
				D7DD3E59295874CB000900FA /* AppDelegate.swift in Sources */,
				D7D528672958E8FB00A8FCBF /* String+Extension.swift in Sources */,
				D7CE8A3A29587B5F00E9BA74 /* RealmManager.swift in Sources */,
				D7DD3E72295879E4000900FA /* OverviewListVC.swift in Sources */,
				D75B67B9295892D8003A4E30 /* EditingVC.swift in Sources */,
				D7CE8A4429587BC000E9BA74 /* Note.swift in Sources */,
				D7CE8A3F29587B9100E9BA74 /* UIColor+Extension.swift in Sources */,
				D7CE8A4729587BE500E9BA74 /* NoteTableViewCell.swift in Sources */,
				D7CE8A3C29587B7B00E9BA74 /* UIView+Extension.swift in Sources */,
				D7DD3E5B295874CB000900FA /* SceneDelegate.swift in Sources */,
				D7CE8A4129587BA200E9BA74 /* UIButton+Extension.swift in Sources */,
			);
			runOnlyForDeploymentPostprocessing = 0;
		};
/* End PBXSourcesBuildPhase section */

/* Begin PBXVariantGroup section */
		D7D528642958E10F00A8FCBF /* Localizable.strings */ = {
			isa = PBXVariantGroup;
			children = (
				D7D528632958E10F00A8FCBF /* en */,
				D7D528652958E12A00A8FCBF /* ru */,
			);
			name = Localizable.strings;
			sourceTree = "<group>";
		};
		D7DD3E5E295874CB000900FA /* Main.storyboard */ = {
			isa = PBXVariantGroup;
			children = (
				D7DD3E5F295874CB000900FA /* Base */,
			);
			name = Main.storyboard;
			sourceTree = "<group>";
		};
		D7DD3E63295874CD000900FA /* LaunchScreen.storyboard */ = {
			isa = PBXVariantGroup;
			children = (
				D7DD3E64295874CD000900FA /* Base */,
			);
			name = LaunchScreen.storyboard;
			sourceTree = "<group>";
		};
/* End PBXVariantGroup section */

/* Begin XCBuildConfiguration section */
		D7DD3E67295874CD000900FA /* Debug */ = {
			isa = XCBuildConfiguration;
			buildSettings = {
				ALWAYS_SEARCH_USER_PATHS = NO;
				CLANG_ANALYZER_LOCALIZABILITY_NONLOCALIZED = YES;
				CLANG_ANALYZER_NONNULL = YES;
				CLANG_ANALYZER_NUMBER_OBJECT_CONVERSION = YES_AGGRESSIVE;
				CLANG_CXX_LANGUAGE_STANDARD = "gnu++20";
				CLANG_ENABLE_MODULES = YES;
				CLANG_ENABLE_OBJC_ARC = YES;
				CLANG_ENABLE_OBJC_WEAK = YES;
				CLANG_WARN_BLOCK_CAPTURE_AUTORELEASING = YES;
				CLANG_WARN_BOOL_CONVERSION = YES;
				CLANG_WARN_COMMA = YES;
				CLANG_WARN_CONSTANT_CONVERSION = YES;
				CLANG_WARN_DEPRECATED_OBJC_IMPLEMENTATIONS = YES;
				CLANG_WARN_DIRECT_OBJC_ISA_USAGE = YES_ERROR;
				CLANG_WARN_DOCUMENTATION_COMMENTS = YES;
				CLANG_WARN_EMPTY_BODY = YES;
				CLANG_WARN_ENUM_CONVERSION = YES;
				CLANG_WARN_INFINITE_RECURSION = YES;
				CLANG_WARN_INT_CONVERSION = YES;
				CLANG_WARN_NON_LITERAL_NULL_CONVERSION = YES;
				CLANG_WARN_OBJC_IMPLICIT_RETAIN_SELF = YES;
				CLANG_WARN_OBJC_LITERAL_CONVERSION = YES;
				CLANG_WARN_OBJC_ROOT_CLASS = YES_ERROR;
				CLANG_WARN_QUOTED_INCLUDE_IN_FRAMEWORK_HEADER = YES;
				CLANG_WARN_RANGE_LOOP_ANALYSIS = YES;
				CLANG_WARN_STRICT_PROTOTYPES = YES;
				CLANG_WARN_SUSPICIOUS_MOVE = YES;
				CLANG_WARN_UNGUARDED_AVAILABILITY = YES_AGGRESSIVE;
				CLANG_WARN_UNREACHABLE_CODE = YES;
				CLANG_WARN__DUPLICATE_METHOD_MATCH = YES;
				COPY_PHASE_STRIP = NO;
				DEBUG_INFORMATION_FORMAT = dwarf;
				ENABLE_STRICT_OBJC_MSGSEND = YES;
				ENABLE_TESTABILITY = YES;
				GCC_C_LANGUAGE_STANDARD = gnu11;
				GCC_DYNAMIC_NO_PIC = NO;
				GCC_NO_COMMON_BLOCKS = YES;
				GCC_OPTIMIZATION_LEVEL = 0;
				GCC_PREPROCESSOR_DEFINITIONS = (
					"DEBUG=1",
					"$(inherited)",
				);
				GCC_WARN_64_TO_32_BIT_CONVERSION = YES;
				GCC_WARN_ABOUT_RETURN_TYPE = YES_ERROR;
				GCC_WARN_UNDECLARED_SELECTOR = YES;
				GCC_WARN_UNINITIALIZED_AUTOS = YES_AGGRESSIVE;
				GCC_WARN_UNUSED_FUNCTION = YES;
				GCC_WARN_UNUSED_VARIABLE = YES;
				IPHONEOS_DEPLOYMENT_TARGET = 16.0;
				MTL_ENABLE_DEBUG_INFO = INCLUDE_SOURCE;
				MTL_FAST_MATH = YES;
				ONLY_ACTIVE_ARCH = YES;
				SDKROOT = iphoneos;
				SWIFT_ACTIVE_COMPILATION_CONDITIONS = DEBUG;
				SWIFT_OPTIMIZATION_LEVEL = "-Onone";
			};
			name = Debug;
		};
		D7DD3E68295874CD000900FA /* Release */ = {
			isa = XCBuildConfiguration;
			buildSettings = {
				ALWAYS_SEARCH_USER_PATHS = NO;
				CLANG_ANALYZER_LOCALIZABILITY_NONLOCALIZED = YES;
				CLANG_ANALYZER_NONNULL = YES;
				CLANG_ANALYZER_NUMBER_OBJECT_CONVERSION = YES_AGGRESSIVE;
				CLANG_CXX_LANGUAGE_STANDARD = "gnu++20";
				CLANG_ENABLE_MODULES = YES;
				CLANG_ENABLE_OBJC_ARC = YES;
				CLANG_ENABLE_OBJC_WEAK = YES;
				CLANG_WARN_BLOCK_CAPTURE_AUTORELEASING = YES;
				CLANG_WARN_BOOL_CONVERSION = YES;
				CLANG_WARN_COMMA = YES;
				CLANG_WARN_CONSTANT_CONVERSION = YES;
				CLANG_WARN_DEPRECATED_OBJC_IMPLEMENTATIONS = YES;
				CLANG_WARN_DIRECT_OBJC_ISA_USAGE = YES_ERROR;
				CLANG_WARN_DOCUMENTATION_COMMENTS = YES;
				CLANG_WARN_EMPTY_BODY = YES;
				CLANG_WARN_ENUM_CONVERSION = YES;
				CLANG_WARN_INFINITE_RECURSION = YES;
				CLANG_WARN_INT_CONVERSION = YES;
				CLANG_WARN_NON_LITERAL_NULL_CONVERSION = YES;
				CLANG_WARN_OBJC_IMPLICIT_RETAIN_SELF = YES;
				CLANG_WARN_OBJC_LITERAL_CONVERSION = YES;
				CLANG_WARN_OBJC_ROOT_CLASS = YES_ERROR;
				CLANG_WARN_QUOTED_INCLUDE_IN_FRAMEWORK_HEADER = YES;
				CLANG_WARN_RANGE_LOOP_ANALYSIS = YES;
				CLANG_WARN_STRICT_PROTOTYPES = YES;
				CLANG_WARN_SUSPICIOUS_MOVE = YES;
				CLANG_WARN_UNGUARDED_AVAILABILITY = YES_AGGRESSIVE;
				CLANG_WARN_UNREACHABLE_CODE = YES;
				CLANG_WARN__DUPLICATE_METHOD_MATCH = YES;
				COPY_PHASE_STRIP = NO;
				DEBUG_INFORMATION_FORMAT = "dwarf-with-dsym";
				ENABLE_NS_ASSERTIONS = NO;
				ENABLE_STRICT_OBJC_MSGSEND = YES;
				GCC_C_LANGUAGE_STANDARD = gnu11;
				GCC_NO_COMMON_BLOCKS = YES;
				GCC_WARN_64_TO_32_BIT_CONVERSION = YES;
				GCC_WARN_ABOUT_RETURN_TYPE = YES_ERROR;
				GCC_WARN_UNDECLARED_SELECTOR = YES;
				GCC_WARN_UNINITIALIZED_AUTOS = YES_AGGRESSIVE;
				GCC_WARN_UNUSED_FUNCTION = YES;
				GCC_WARN_UNUSED_VARIABLE = YES;
				IPHONEOS_DEPLOYMENT_TARGET = 16.0;
				MTL_ENABLE_DEBUG_INFO = NO;
				MTL_FAST_MATH = YES;
				SDKROOT = iphoneos;
				SWIFT_COMPILATION_MODE = wholemodule;
				SWIFT_OPTIMIZATION_LEVEL = "-O";
				VALIDATE_PRODUCT = YES;
			};
			name = Release;
		};
		D7DD3E6A295874CD000900FA /* Debug */ = {
			isa = XCBuildConfiguration;
			baseConfigurationReference = 987310FB78E91DF38B432DA3 /* Pods-Simplenote.debug.xcconfig */;
			buildSettings = {
				ASSETCATALOG_COMPILER_APPICON_NAME = AppIcon;
				ASSETCATALOG_COMPILER_GLOBAL_ACCENT_COLOR_NAME = AccentColor;
				CODE_SIGN_STYLE = Automatic;
				CURRENT_PROJECT_VERSION = 1;
				DEVELOPMENT_TEAM = Q6CQH2T6SR;
				GENERATE_INFOPLIST_FILE = YES;
				INFOPLIST_FILE = Simplenote/SupportingFiles/Info.plist;
				INFOPLIST_KEY_UIApplicationSupportsIndirectInputEvents = YES;
				INFOPLIST_KEY_UILaunchStoryboardName = LaunchScreen;
				INFOPLIST_KEY_UIMainStoryboardFile = Main;
				INFOPLIST_KEY_UISupportedInterfaceOrientations_iPad = "UIInterfaceOrientationPortrait UIInterfaceOrientationPortraitUpsideDown UIInterfaceOrientationLandscapeLeft UIInterfaceOrientationLandscapeRight";
				INFOPLIST_KEY_UISupportedInterfaceOrientations_iPhone = "UIInterfaceOrientationPortrait UIInterfaceOrientationLandscapeLeft UIInterfaceOrientationLandscapeRight";
				LD_RUNPATH_SEARCH_PATHS = (
					"$(inherited)",
					"@executable_path/Frameworks",
				);
				MARKETING_VERSION = 1.0;
				PRODUCT_BUNDLE_IDENTIFIER = pet.Simplenote;
				PRODUCT_NAME = "$(TARGET_NAME)";
				SWIFT_EMIT_LOC_STRINGS = YES;
				SWIFT_VERSION = 5.0;
				TARGETED_DEVICE_FAMILY = "1,2";
			};
			name = Debug;
		};
		D7DD3E6B295874CD000900FA /* Release */ = {
			isa = XCBuildConfiguration;
			baseConfigurationReference = 355015C3CCEA5457C9C0D101 /* Pods-Simplenote.release.xcconfig */;
			buildSettings = {
				ASSETCATALOG_COMPILER_APPICON_NAME = AppIcon;
				ASSETCATALOG_COMPILER_GLOBAL_ACCENT_COLOR_NAME = AccentColor;
				CODE_SIGN_STYLE = Automatic;
				CURRENT_PROJECT_VERSION = 1;
				DEVELOPMENT_TEAM = Q6CQH2T6SR;
				GENERATE_INFOPLIST_FILE = YES;
				INFOPLIST_FILE = Simplenote/SupportingFiles/Info.plist;
				INFOPLIST_KEY_UIApplicationSupportsIndirectInputEvents = YES;
				INFOPLIST_KEY_UILaunchStoryboardName = LaunchScreen;
				INFOPLIST_KEY_UIMainStoryboardFile = Main;
				INFOPLIST_KEY_UISupportedInterfaceOrientations_iPad = "UIInterfaceOrientationPortrait UIInterfaceOrientationPortraitUpsideDown UIInterfaceOrientationLandscapeLeft UIInterfaceOrientationLandscapeRight";
				INFOPLIST_KEY_UISupportedInterfaceOrientations_iPhone = "UIInterfaceOrientationPortrait UIInterfaceOrientationLandscapeLeft UIInterfaceOrientationLandscapeRight";
				LD_RUNPATH_SEARCH_PATHS = (
					"$(inherited)",
					"@executable_path/Frameworks",
				);
				MARKETING_VERSION = 1.0;
				PRODUCT_BUNDLE_IDENTIFIER = pet.Simplenote;
				PRODUCT_NAME = "$(TARGET_NAME)";
				SWIFT_EMIT_LOC_STRINGS = YES;
				SWIFT_VERSION = 5.0;
				TARGETED_DEVICE_FAMILY = "1,2";
			};
			name = Release;
		};
/* End XCBuildConfiguration section */

/* Begin XCConfigurationList section */
		D7DD3E50295874CB000900FA /* Build configuration list for PBXProject "Simplenote" */ = {
			isa = XCConfigurationList;
			buildConfigurations = (
				D7DD3E67295874CD000900FA /* Debug */,
				D7DD3E68295874CD000900FA /* Release */,
			);
			defaultConfigurationIsVisible = 0;
			defaultConfigurationName = Release;
		};
		D7DD3E69295874CD000900FA /* Build configuration list for PBXNativeTarget "Simplenote" */ = {
			isa = XCConfigurationList;
			buildConfigurations = (
				D7DD3E6A295874CD000900FA /* Debug */,
				D7DD3E6B295874CD000900FA /* Release */,
			);
			defaultConfigurationIsVisible = 0;
			defaultConfigurationName = Release;
		};
/* End XCConfigurationList section */
	};
	rootObject = D7DD3E4D295874CB000900FA /* Project object */;
}
